
Microsoft Visual Studio Solution File, Format Version 12.00
# Visual Studio Express 2012 for Web
Project("{E24C65DC-7377-472B-9ABA-BC803B73C61A}") = "jquery", "http://localhost:18168", "{967A4A2B-2695-4E14-A11F-014CDF6EE8DB}"
	ProjectSection(WebsiteProperties) = preProject
		UseIISExpress = "true"
		TargetFrameworkMoniker = ".NETFramework,Version%3Dv4.0"
		Debug.AspNetCompiler.VirtualPath = "/jquery"
		Debug.AspNetCompiler.PhysicalPath = "..\..\..\Books\Pro JQuery 2\Source Code\jquery\"
		Debug.AspNetCompiler.TargetPath = "PrecompiledWeb\jquery\"
		Debug.AspNetCompiler.Updateable = "true"
		Debug.AspNetCompiler.ForceOverwrite = "true"
		Debug.AspNetCompiler.FixedNames = "false"
		Debug.AspNetCompiler.Debug = "True"
		Release.AspNetCompiler.VirtualPath = "/jquery"
		Release.AspNetCompiler.PhysicalPath = "..\..\..\Books\Pro JQuery 2\Source Code\jquery\"
		Release.AspNetCompiler.TargetPath = "PrecompiledWeb\jquery\"
		Release.AspNetCompiler.Updateable = "true"
		Release.AspNetCompiler.ForceOverwrite = "true"
		Release.AspNetCompiler.FixedNames = "false"
		Release.AspNetCompiler.Debug = "False"
		SlnRelativePath = "..\..\..\Books\Pro JQuery 2\Source Code\jquery\"
	EndProjectSection
EndProject
Global
	GlobalSection(SolutionConfigurationPlatforms) = preSolution
		Debug|Any CPU = Debug|Any CPU
	EndGlobalSection
	GlobalSection(ProjectConfigurationPlatforms) = postSolution
		{967A4A2B-2695-4E14-A11F-014CDF6EE8DB}.Debug|Any CPU.ActiveCfg = Debug|Any CPU
		{967A4A2B-2695-4E14-A11F-014CDF6EE8DB}.Debug|Any CPU.Build.0 = Debug|Any CPU
	EndGlobalSection
	GlobalSection(SolutionProperties) = preSolution
		HideSolutionNode = FALSE
	EndGlobalSection
EndGlobal
